
Microsoft Visual Studio Solution File, Format Version 12.00
# Visual Studio 15
VisualStudioVersion = 15.0.28307.1340
MinimumVisualStudioVersion = 10.0.40219.1
Project("{FAE04EC0-301F-11D3-BF4B-00C04F79EFBC}") = "OOAD Project", "OOAD Project\OOAD Project.csproj", "{690076D3-34FA-4A37-897F-62DA224E1054}"
EndProject
Global
	GlobalSection(SolutionConfigurationPlatforms) = preSolution
		Debug|Any CPU = Debug|Any CPU
		Release|Any CPU = Release|Any CPU
	EndGlobalSection
	GlobalSection(ProjectConfigurationPlatforms) = postSolution
		{690076D3-34FA-4A37-897F-62DA224E1054}.Debug|Any CPU.ActiveCfg = Debug|Any CPU
		{690076D3-34FA-4A37-897F-62DA224E1054}.Debug|Any CPU.Build.0 = Debug|Any CPU
		{690076D3-34FA-4A37-897F-62DA224E1054}.Release|Any CPU.ActiveCfg = Release|Any CPU
		{690076D3-34FA-4A37-897F-62DA224E1054}.Release|Any CPU.Build.0 = Release|Any CPU
	EndGlobalSection
	GlobalSection(SolutionProperties) = preSolution
		HideSolutionNode = FALSE
	EndGlobalSection
	GlobalSection(ExtensibilityGlobals) = postSolution
		SolutionGuid = {47D6E886-AD33-4736-8353-006635253C3E}
	EndGlobalSection
EndGlobal
